PODS:
  - bcssdk_client (0.0.1):
    - Flutter
  - Flutter (1.0.0)

DEPENDENCIES:
  - bcssdk_client (from `.symlinks/plugins/bcssdk_client/ios`)
  - Flutter (from `Flutter`)

EXTERNAL SOURCES:
  bcssdk_client:
    :path: ".symlinks/plugins/bcssdk_client/ios"
  Flutter:
    :path: Flutter

SPEC CHECKSUMS:
  bcssdk_client: 1b86519d43f025ca94f84140181d3fb97066471f
  Flutter: e0871f40cf51350855a761d2e70bf5af5b9b5de7

PODFILE CHECKSUM: 819463e6a0290f5a72f145ba7cde16e8b6ef0796

COCOAPODS: 1.15.2
